// !$*UTF8*$!
{
	archiveVersion = 1;
	classes = {
	};
	objectVersion = 46;
	objects = {

/* Begin PBXBuildFile section */
		110994FA1BA4F1EE003739A5 /* SurveyListController.swift in Sources */ = {isa = PBXBuildFile; fileRef = 110994F91BA4F1EE003739A5 /* SurveyListController.swift */; };
		110994FC1BA4F362003739A5 /* ParseUI.framework in Frameworks */ = {isa = PBXBuildFile; fileRef = 110994FB1BA4F362003739A5 /* ParseUI.framework */; };
		110994FE1BA4F94A003739A5 /* SettingsViewController.swift in Sources */ = {isa = PBXBuildFile; fileRef = 110994FD1BA4F94A003739A5 /* SettingsViewController.swift */; };
		5504681A1BA3CE110083786E /* AppDelegate.swift in Sources */ = {isa = PBXBuildFile; fileRef = 550468191BA3CE110083786E /* AppDelegate.swift */; };
		5504681D1BA3CE110083786E /* Surva.xcdatamodeld in Sources */ = {isa = PBXBuildFile; fileRef = 5504681B1BA3CE110083786E /* Surva.xcdatamodeld */; };
		550468221BA3CE110083786E /* Main.storyboard in Resources */ = {isa = PBXBuildFile; fileRef = 550468201BA3CE110083786E /* Main.storyboard */; };
		550468241BA3CE110083786E /* Images.xcassets in Resources */ = {isa = PBXBuildFile; fileRef = 550468231BA3CE110083786E /* Images.xcassets */; };
		550468271BA3CE110083786E /* LaunchScreen.xib in Resources */ = {isa = PBXBuildFile; fileRef = 550468251BA3CE110083786E /* LaunchScreen.xib */; };
		550468331BA3CE110083786E /* SurvaTests.swift in Sources */ = {isa = PBXBuildFile; fileRef = 550468321BA3CE110083786E /* SurvaTests.swift */; };
		5526A0291BA4A45500BD694D /* Bolts.framework in Frameworks */ = {isa = PBXBuildFile; fileRef = 5526A0271BA4A45500BD694D /* Bolts.framework */; };
		5526A02A1BA4A45500BD694D /* Parse.framework in Frameworks */ = {isa = PBXBuildFile; fileRef = 5526A0281BA4A45500BD694D /* Parse.framework */; };
		5526A02C1BA4A49600BD694D /* AudioToolbox.framework in Frameworks */ = {isa = PBXBuildFile; fileRef = 5526A02B1BA4A49600BD694D /* AudioToolbox.framework */; };
		5526A02E1BA4A49C00BD694D /* CFNetwork.framework in Frameworks */ = {isa = PBXBuildFile; fileRef = 5526A02D1BA4A49C00BD694D /* CFNetwork.framework */; };
		5526A0301BA4A4A400BD694D /* CoreGraphics.framework in Frameworks */ = {isa = PBXBuildFile; fileRef = 5526A02F1BA4A4A400BD694D /* CoreGraphics.framework */; };
		5526A0321BA4A4AA00BD694D /* CoreLocation.framework in Frameworks */ = {isa = PBXBuildFile; fileRef = 5526A0311BA4A4AA00BD694D /* CoreLocation.framework */; };
		5526A0341BA4A4B100BD694D /* QuartzCore.framework in Frameworks */ = {isa = PBXBuildFile; fileRef = 5526A0331BA4A4B100BD694D /* QuartzCore.framework */; };
		5526A0361BA4A4B800BD694D /* Security.framework in Frameworks */ = {isa = PBXBuildFile; fileRef = 5526A0351BA4A4B800BD694D /* Security.framework */; };
		5526A0381BA4A4BF00BD694D /* StoreKit.framework in Frameworks */ = {isa = PBXBuildFile; fileRef = 5526A0371BA4A4BF00BD694D /* StoreKit.framework */; };
		5526A03A1BA4A4C500BD694D /* SystemConfiguration.framework in Frameworks */ = {isa = PBXBuildFile; fileRef = 5526A0391BA4A4C500BD694D /* SystemConfiguration.framework */; };
		5526A03C1BA4A4CD00BD694D /* libz.dylib in Frameworks */ = {isa = PBXBuildFile; fileRef = 5526A03B1BA4A4CD00BD694D /* libz.dylib */; };
		5526A03E1BA4A4D600BD694D /* libsqlite3.dylib in Frameworks */ = {isa = PBXBuildFile; fileRef = 5526A03D1BA4A4D600BD694D /* libsqlite3.dylib */; };
		5526A0401BA4AB7D00BD694D /* surva-logo.png in Resources */ = {isa = PBXBuildFile; fileRef = 5526A03F1BA4AB7D00BD694D /* surva-logo.png */; };
		5526A0451BA4BE5900BD694D /* SignUpInViewController.swift in Sources */ = {isa = PBXBuildFile; fileRef = 5526A0441BA4BE5900BD694D /* SignUpInViewController.swift */; };
		55E1F7DE1BA520770076319D /* SignUpViewController.swift in Sources */ = {isa = PBXBuildFile; fileRef = 55E1F7DD1BA520770076319D /* SignUpViewController.swift */; };
/* End PBXBuildFile section */

/* Begin PBXContainerItemProxy section */
		5504682D1BA3CE110083786E /* PBXContainerItemProxy */ = {
			isa = PBXContainerItemProxy;
			containerPortal = 5504680C1BA3CE100083786E /* Project object */;
			proxyType = 1;
			remoteGlobalIDString = 550468131BA3CE110083786E;
			remoteInfo = Surva;
		};
/* End PBXContainerItemProxy section */

/* Begin PBXFileReference section */
		110994F91BA4F1EE003739A5 /* SurveyListController.swift */ = {isa = PBXFileReference; fileEncoding = 4; lastKnownFileType = sourcecode.swift; path = SurveyListController.swift; sourceTree = "<group>"; };
		110994FB1BA4F362003739A5 /* ParseUI.framework */ = {isa = PBXFileReference; lastKnownFileType = wrapper.framework; path = ParseUI.framework; sourceTree = "<group>"; };
		110994FD1BA4F94A003739A5 /* SettingsViewController.swift */ = {isa = PBXFileReference; fileEncoding = 4; lastKnownFileType = sourcecode.swift; path = SettingsViewController.swift; sourceTree = "<group>"; };
		550468141BA3CE110083786E /* Surva.app */ = {isa = PBXFileReference; explicitFileType = wrapper.application; includeInIndex = 0; path = Surva.app; sourceTree = BUILT_PRODUCTS_DIR; };
		550468181BA3CE110083786E /* Info.plist */ = {isa = PBXFileReference; lastKnownFileType = text.plist.xml; path = Info.plist; sourceTree = "<group>"; };
		550468191BA3CE110083786E /* AppDelegate.swift */ = {isa = PBXFileReference; lastKnownFileType = sourcecode.swift; path = AppDelegate.swift; sourceTree = "<group>"; };
		5504681C1BA3CE110083786E /* Surva.xcdatamodel */ = {isa = PBXFileReference; lastKnownFileType = wrapper.xcdatamodel; path = Surva.xcdatamodel; sourceTree = "<group>"; };
		550468211BA3CE110083786E /* Base */ = {isa = PBXFileReference; lastKnownFileType = file.storyboard; name = Base; path = Base.lproj/Main.storyboard; sourceTree = "<group>"; };
		550468231BA3CE110083786E /* Images.xcassets */ = {isa = PBXFileReference; lastKnownFileType = folder.assetcatalog; path = Images.xcassets; sourceTree = "<group>"; };
		550468261BA3CE110083786E /* Base */ = {isa = PBXFileReference; lastKnownFileType = file.xib; name = Base; path = Base.lproj/LaunchScreen.xib; sourceTree = "<group>"; };
		5504682C1BA3CE110083786E /* SurvaTests.xctest */ = {isa = PBXFileReference; explicitFileType = wrapper.cfbundle; includeInIndex = 0; path = SurvaTests.xctest; sourceTree = BUILT_PRODUCTS_DIR; };
		550468311BA3CE110083786E /* Info.plist */ = {isa = PBXFileReference; lastKnownFileType = text.plist.xml; path = Info.plist; sourceTree = "<group>"; };
		550468321BA3CE110083786E /* SurvaTests.swift */ = {isa = PBXFileReference; lastKnownFileType = sourcecode.swift; path = SurvaTests.swift; sourceTree = "<group>"; };
		5504683C1BA3DA210083786E /* MyPlayground.playground */ = {isa = PBXFileReference; lastKnownFileType = file.playground; path = MyPlayground.playground; sourceTree = "<group>"; };
		5526A0271BA4A45500BD694D /* Bolts.framework */ = {isa = PBXFileReference; lastKnownFileType = wrapper.framework; path = Bolts.framework; sourceTree = "<group>"; };
		5526A0281BA4A45500BD694D /* Parse.framework */ = {isa = PBXFileReference; lastKnownFileType = wrapper.framework; path = Parse.framework; sourceTree = "<group>"; };
		5526A02B1BA4A49600BD694D /* AudioToolbox.framework */ = {isa = PBXFileReference; lastKnownFileType = wrapper.framework; name = AudioToolbox.framework; path = System/Library/Frameworks/AudioToolbox.framework; sourceTree = SDKROOT; };
		5526A02D1BA4A49C00BD694D /* CFNetwork.framework */ = {isa = PBXFileReference; lastKnownFileType = wrapper.framework; name = CFNetwork.framework; path = System/Library/Frameworks/CFNetwork.framework; sourceTree = SDKROOT; };
		5526A02F1BA4A4A400BD694D /* CoreGraphics.framework */ = {isa = PBXFileReference; lastKnownFileType = wrapper.framework; name = CoreGraphics.framework; path = System/Library/Frameworks/CoreGraphics.framework; sourceTree = SDKROOT; };
		5526A0311BA4A4AA00BD694D /* CoreLocation.framework */ = {isa = PBXFileReference; lastKnownFileType = wrapper.framework; name = CoreLocation.framework; path = System/Library/Frameworks/CoreLocation.framework; sourceTree = SDKROOT; };
		5526A0331BA4A4B100BD694D /* QuartzCore.framework */ = {isa = PBXFileReference; lastKnownFileType = wrapper.framework; name = QuartzCore.framework; path = System/Library/Frameworks/QuartzCore.framework; sourceTree = SDKROOT; };
		5526A0351BA4A4B800BD694D /* Security.framework */ = {isa = PBXFileReference; lastKnownFileType = wrapper.framework; name = Security.framework; path = System/Library/Frameworks/Security.framework; sourceTree = SDKROOT; };
		5526A0371BA4A4BF00BD694D /* StoreKit.framework */ = {isa = PBXFileReference; lastKnownFileType = wrapper.framework; name = StoreKit.framework; path = System/Library/Frameworks/StoreKit.framework; sourceTree = SDKROOT; };
		5526A0391BA4A4C500BD694D /* SystemConfiguration.framework */ = {isa = PBXFileReference; lastKnownFileType = wrapper.framework; name = SystemConfiguration.framework; path = System/Library/Frameworks/SystemConfiguration.framework; sourceTree = SDKROOT; };
		5526A03B1BA4A4CD00BD694D /* libz.dylib */ = {isa = PBXFileReference; lastKnownFileType = "compiled.mach-o.dylib"; name = libz.dylib; path = usr/lib/libz.dylib; sourceTree = SDKROOT; };
		5526A03D1BA4A4D600BD694D /* libsqlite3.dylib */ = {isa = PBXFileReference; lastKnownFileType = "compiled.mach-o.dylib"; name = libsqlite3.dylib; path = usr/lib/libsqlite3.dylib; sourceTree = SDKROOT; };
		5526A03F1BA4AB7D00BD694D /* surva-logo.png */ = {isa = PBXFileReference; lastKnownFileType = image.png; path = "surva-logo.png"; sourceTree = "<group>"; };
		5526A0431BA4B99C00BD694D /* Surva-Bridging-Header.h */ = {isa = PBXFileReference; fileEncoding = 4; lastKnownFileType = sourcecode.c.h; path = "Surva-Bridging-Header.h"; sourceTree = "<group>"; };
		5526A0441BA4BE5900BD694D /* SignUpInViewController.swift */ = {isa = PBXFileReference; fileEncoding = 4; lastKnownFileType = sourcecode.swift; path = SignUpInViewController.swift; sourceTree = "<group>"; };
		55E1F7DD1BA520770076319D /* SignUpViewController.swift */ = {isa = PBXFileReference; fileEncoding = 4; lastKnownFileType = sourcecode.swift; path = SignUpViewController.swift; sourceTree = "<group>"; };
/* End PBXFileReference section */

/* Begin PBXFrameworksBuildPhase section */
		550468111BA3CE110083786E /* Frameworks */ = {
			isa = PBXFrameworksBuildPhase;
			buildActionMask = 2147483647;
			files = (
				5526A03E1BA4A4D600BD694D /* libsqlite3.dylib in Frameworks */,
				5526A03C1BA4A4CD00BD694D /* libz.dylib in Frameworks */,
				5526A03A1BA4A4C500BD694D /* SystemConfiguration.framework in Frameworks */,
				5526A0381BA4A4BF00BD694D /* StoreKit.framework in Frameworks */,
				5526A0361BA4A4B800BD694D /* Security.framework in Frameworks */,
				5526A0341BA4A4B100BD694D /* QuartzCore.framework in Frameworks */,
				5526A0321BA4A4AA00BD694D /* CoreLocation.framework in Frameworks */,
				5526A0301BA4A4A400BD694D /* CoreGraphics.framework in Frameworks */,
				5526A02E1BA4A49C00BD694D /* CFNetwork.framework in Frameworks */,
				5526A02C1BA4A49600BD694D /* AudioToolbox.framework in Frameworks */,
				5526A02A1BA4A45500BD694D /* Parse.framework in Frameworks */,
				5526A0291BA4A45500BD694D /* Bolts.framework in Frameworks */,
				110994FC1BA4F362003739A5 /* ParseUI.framework in Frameworks */,
			);
			runOnlyForDeploymentPostprocessing = 0;
		};
		550468291BA3CE110083786E /* Frameworks */ = {
			isa = PBXFrameworksBuildPhase;
			buildActionMask = 2147483647;
			files = (
			);
			runOnlyForDeploymentPostprocessing = 0;
		};
/* End PBXFrameworksBuildPhase section */

/* Begin PBXGroup section */
		5504680B1BA3CE100083786E = {
			isa = PBXGroup;
			children = (
				5526A03D1BA4A4D600BD694D /* libsqlite3.dylib */,
				5526A03B1BA4A4CD00BD694D /* libz.dylib */,
				110994FB1BA4F362003739A5 /* ParseUI.framework */,
				5526A0391BA4A4C500BD694D /* SystemConfiguration.framework */,
				5526A0371BA4A4BF00BD694D /* StoreKit.framework */,
				5526A0351BA4A4B800BD694D /* Security.framework */,
				5526A0331BA4A4B100BD694D /* QuartzCore.framework */,
				5526A0311BA4A4AA00BD694D /* CoreLocation.framework */,
				5526A02F1BA4A4A400BD694D /* CoreGraphics.framework */,
				5526A02D1BA4A49C00BD694D /* CFNetwork.framework */,
				5526A02B1BA4A49600BD694D /* AudioToolbox.framework */,
				5526A0271BA4A45500BD694D /* Bolts.framework */,
				5526A0281BA4A45500BD694D /* Parse.framework */,
				5504683C1BA3DA210083786E /* MyPlayground.playground */,
				550468161BA3CE110083786E /* Surva */,
				5504682F1BA3CE110083786E /* SurvaTests */,
				550468151BA3CE110083786E /* Products */,
			);
			sourceTree = "<group>";
		};
		550468151BA3CE110083786E /* Products */ = {
			isa = PBXGroup;
			children = (
				550468141BA3CE110083786E /* Surva.app */,
				5504682C1BA3CE110083786E /* SurvaTests.xctest */,
			);
			name = Products;
			sourceTree = "<group>";
		};
		550468161BA3CE110083786E /* Surva */ = {
			isa = PBXGroup;
			children = (
				5526A03F1BA4AB7D00BD694D /* surva-logo.png */,
				550468191BA3CE110083786E /* AppDelegate.swift */,
				550468201BA3CE110083786E /* Main.storyboard */,
				550468231BA3CE110083786E /* Images.xcassets */,
				550468251BA3CE110083786E /* LaunchScreen.xib */,
				5504681B1BA3CE110083786E /* Surva.xcdatamodeld */,
				550468171BA3CE110083786E /* Supporting Files */,
				5526A0431BA4B99C00BD694D /* Surva-Bridging-Header.h */,
				5526A0441BA4BE5900BD694D /* SignUpInViewController.swift */,
				110994FD1BA4F94A003739A5 /* SettingsViewController.swift */,
				110994F91BA4F1EE003739A5 /* SurveyListController.swift */,
				55E1F7DD1BA520770076319D /* SignUpViewController.swift */,
			);
			path = Surva;
			sourceTree = "<group>";
		};
		550468171BA3CE110083786E /* Supporting Files */ = {
			isa = PBXGroup;
			children = (
				550468181BA3CE110083786E /* Info.plist */,
			);
			name = "Supporting Files";
			sourceTree = "<group>";
		};
		5504682F1BA3CE110083786E /* SurvaTests */ = {
			isa = PBXGroup;
			children = (
				550468321BA3CE110083786E /* SurvaTests.swift */,
				550468301BA3CE110083786E /* Supporting Files */,
			);
			path = SurvaTests;
			sourceTree = "<group>";
		};
		550468301BA3CE110083786E /* Supporting Files */ = {
			isa = PBXGroup;
			children = (
				550468311BA3CE110083786E /* Info.plist */,
			);
			name = "Supporting Files";
			sourceTree = "<group>";
		};
/* End PBXGroup section */

/* Begin PBXNativeTarget section */
		550468131BA3CE110083786E /* Surva */ = {
			isa = PBXNativeTarget;
			buildConfigurationList = 550468361BA3CE110083786E /* Build configuration list for PBXNativeTarget "Surva" */;
			buildPhases = (
				550468101BA3CE110083786E /* Sources */,
				550468111BA3CE110083786E /* Frameworks */,
				550468121BA3CE110083786E /* Resources */,
			);
			buildRules = (
			);
			dependencies = (
			);
			name = Surva;
			productName = Surva;
			productReference = 550468141BA3CE110083786E /* Surva.app */;
			productType = "com.apple.product-type.application";
		};
		5504682B1BA3CE110083786E /* SurvaTests */ = {
			isa = PBXNativeTarget;
			buildConfigurationList = 550468391BA3CE110083786E /* Build configuration list for PBXNativeTarget "SurvaTests" */;
			buildPhases = (
				550468281BA3CE110083786E /* Sources */,
				550468291BA3CE110083786E /* Frameworks */,
				5504682A1BA3CE110083786E /* Resources */,
			);
			buildRules = (
			);
			dependencies = (
				5504682E1BA3CE110083786E /* PBXTargetDependency */,
			);
			name = SurvaTests;
			productName = SurvaTests;
			productReference = 5504682C1BA3CE110083786E /* SurvaTests.xctest */;
			productType = "com.apple.product-type.bundle.unit-test";
		};
/* End PBXNativeTarget section */

/* Begin PBXProject section */
		5504680C1BA3CE100083786E /* Project object */ = {
			isa = PBXProject;
			attributes = {
				LastUpgradeCheck = 0640;
				ORGANIZATIONNAME = "Michael Lombardo";
				TargetAttributes = {
					550468131BA3CE110083786E = {
						CreatedOnToolsVersion = 6.4;
						DevelopmentTeam = A73DB29D37;
					};
					5504682B1BA3CE110083786E = {
						CreatedOnToolsVersion = 6.4;
						TestTargetID = 550468131BA3CE110083786E;
					};
				};
			};
			buildConfigurationList = 5504680F1BA3CE110083786E /* Build configuration list for PBXProject "Surva" */;
			compatibilityVersion = "Xcode 3.2";
			developmentRegion = English;
			hasScannedForEncodings = 0;
			knownRegions = (
				en,
				Base,
			);
			mainGroup = 5504680B1BA3CE100083786E;
			productRefGroup = 550468151BA3CE110083786E /* Products */;
			projectDirPath = "";
			projectRoot = "";
			targets = (
				550468131BA3CE110083786E /* Surva */,
				5504682B1BA3CE110083786E /* SurvaTests */,
			);
		};
/* End PBXProject section */

/* Begin PBXResourcesBuildPhase section */
		550468121BA3CE110083786E /* Resources */ = {
			isa = PBXResourcesBuildPhase;
			buildActionMask = 2147483647;
			files = (
				5526A0401BA4AB7D00BD694D /* surva-logo.png in Resources */,
				550468221BA3CE110083786E /* Main.storyboard in Resources */,
				550468271BA3CE110083786E /* LaunchScreen.xib in Resources */,
				550468241BA3CE110083786E /* Images.xcassets in Resources */,
			);
			runOnlyForDeploymentPostprocessing = 0;
		};
		5504682A1BA3CE110083786E /* Resources */ = {
			isa = PBXResourcesBuildPhase;
			buildActionMask = 2147483647;
			files = (
			);
			runOnlyForDeploymentPostprocessing = 0;
		};
/* End PBXResourcesBuildPhase section */

/* Begin PBXSourcesBuildPhase section */
		550468101BA3CE110083786E /* Sources */ = {
			isa = PBXSourcesBuildPhase;
			buildActionMask = 2147483647;
			files = (
				55E1F7DE1BA520770076319D /* SignUpViewController.swift in Sources */,
				5504681A1BA3CE110083786E /* AppDelegate.swift in Sources */,
				5504681D1BA3CE110083786E /* Surva.xcdatamodeld in Sources */,
				110994FE1BA4F94A003739A5 /* SettingsViewController.swift in Sources */,
				110994FA1BA4F1EE003739A5 /* SurveyListController.swift in Sources */,
				5526A0451BA4BE5900BD694D /* SignUpInViewController.swift in Sources */,
			);
			runOnlyForDeploymentPostprocessing = 0;
		};
		550468281BA3CE110083786E /* Sources */ = {
			isa = PBXSourcesBuildPhase;
			buildActionMask = 2147483647;
			files = (
				550468331BA3CE110083786E /* SurvaTests.swift in Sources */,
			);
			runOnlyForDeploymentPostprocessing = 0;
		};
/* End PBXSourcesBuildPhase section */

/* Begin PBXTargetDependency section */
		5504682E1BA3CE110083786E /* PBXTargetDependency */ = {
			isa = PBXTargetDependency;
			target = 550468131BA3CE110083786E /* Surva */;
			targetProxy = 5504682D1BA3CE110083786E /* PBXContainerItemProxy */;
		};
/* End PBXTargetDependency section */

/* Begin PBXVariantGroup section */
		550468201BA3CE110083786E /* Main.storyboard */ = {
			isa = PBXVariantGroup;
			children = (
				550468211BA3CE110083786E /* Base */,
			);
			name = Main.storyboard;
			sourceTree = "<group>";
		};
		550468251BA3CE110083786E /* LaunchScreen.xib */ = {
			isa = PBXVariantGroup;
			children = (
				550468261BA3CE110083786E /* Base */,
			);
			name = LaunchScreen.xib;
			sourceTree = "<group>";
		};
/* End PBXVariantGroup section */

/* Begin XCBuildConfiguration section */
		550468341BA3CE110083786E /* Debug */ = {
			isa = XCBuildConfiguration;
			buildSettings = {
				ALWAYS_SEARCH_USER_PATHS = NO;
				CLANG_CXX_LANGUAGE_STANDARD = "gnu++0x";
				CLANG_CXX_LIBRARY = "libc++";
				CLANG_ENABLE_MODULES = YES;
				CLANG_ENABLE_OBJC_ARC = YES;
				CLANG_WARN_BOOL_CONVERSION = YES;
				CLANG_WARN_CONSTANT_CONVERSION = YES;
				CLANG_WARN_DIRECT_OBJC_ISA_USAGE = YES_ERROR;
				CLANG_WARN_EMPTY_BODY = YES;
				CLANG_WARN_ENUM_CONVERSION = YES;
				CLANG_WARN_INT_CONVERSION = YES;
				CLANG_WARN_OBJC_ROOT_CLASS = YES_ERROR;
				CLANG_WARN_UNREACHABLE_CODE = YES;
				CLANG_WARN__DUPLICATE_METHOD_MATCH = YES;
				"CODE_SIGN_IDENTITY[sdk=iphoneos*]" = "iPhone Developer";
				COPY_PHASE_STRIP = NO;
				DEBUG_INFORMATION_FORMAT = "dwarf-with-dsym";
				ENABLE_STRICT_OBJC_MSGSEND = YES;
				GCC_C_LANGUAGE_STANDARD = gnu99;
				GCC_DYNAMIC_NO_PIC = NO;
				GCC_NO_COMMON_BLOCKS = YES;
				GCC_OPTIMIZATION_LEVEL = 0;
				GCC_PREPROCESSOR_DEFINITIONS = (
					"DEBUG=1",
					"$(inherited)",
				);
				GCC_SYMBOLS_PRIVATE_EXTERN = NO;
				GCC_WARN_64_TO_32_BIT_CONVERSION = YES;
				GCC_WARN_ABOUT_RETURN_TYPE = YES_ERROR;
				GCC_WARN_UNDECLARED_SELECTOR = YES;
				GCC_WARN_UNINITIALIZED_AUTOS = YES_AGGRESSIVE;
				GCC_WARN_UNUSED_FUNCTION = YES;
				GCC_WARN_UNUSED_VARIABLE = YES;
				IPHONEOS_DEPLOYMENT_TARGET = 8.4;
				MTL_ENABLE_DEBUG_INFO = YES;
				ONLY_ACTIVE_ARCH = YES;
				SDKROOT = iphoneos;
				SWIFT_OPTIMIZATION_LEVEL = "-Onone";
				TARGETED_DEVICE_FAMILY = "1,2";
			};
			name = Debug;
		};
		550468351BA3CE110083786E /* Release */ = {
			isa = XCBuildConfiguration;
			buildSettings = {
				ALWAYS_SEARCH_USER_PATHS = NO;
				CLANG_CXX_LANGUAGE_STANDARD = "gnu++0x";
				CLANG_CXX_LIBRARY = "libc++";
				CLANG_ENABLE_MODULES = YES;
				CLANG_ENABLE_OBJC_ARC = YES;
				CLANG_WARN_BOOL_CONVERSION = YES;
				CLANG_WARN_CONSTANT_CONVERSION = YES;
				CLANG_WARN_DIRECT_OBJC_ISA_USAGE = YES_ERROR;
				CLANG_WARN_EMPTY_BODY = YES;
				CLANG_WARN_ENUM_CONVERSION = YES;
				CLANG_WARN_INT_CONVERSION = YES;
				CLANG_WARN_OBJC_ROOT_CLASS = YES_ERROR;
				CLANG_WARN_UNREACHABLE_CODE = YES;
				CLANG_WARN__DUPLICATE_METHOD_MATCH = YES;
				"CODE_SIGN_IDENTITY[sdk=iphoneos*]" = "iPhone Developer";
				COPY_PHASE_STRIP = NO;
				DEBUG_INFORMATION_FORMAT = "dwarf-with-dsym";
				ENABLE_NS_ASSERTIONS = NO;
				ENABLE_STRICT_OBJC_MSGSEND = YES;
				GCC_C_LANGUAGE_STANDARD = gnu99;
				GCC_NO_COMMON_BLOCKS = YES;
				GCC_WARN_64_TO_32_BIT_CONVERSION = YES;
				GCC_WARN_ABOUT_RETURN_TYPE = YES_ERROR;
				GCC_WARN_UNDECLARED_SELECTOR = YES;
				GCC_WARN_UNINITIALIZED_AUTOS = YES_AGGRESSIVE;
				GCC_WARN_UNUSED_FUNCTION = YES;
				GCC_WARN_UNUSED_VARIABLE = YES;
				IPHONEOS_DEPLOYMENT_TARGET = 8.4;
				MTL_ENABLE_DEBUG_INFO = NO;
				SDKROOT = iphoneos;
				TARGETED_DEVICE_FAMILY = "1,2";
				VALIDATE_PRODUCT = YES;
			};
			name = Release;
		};
		550468371BA3CE110083786E /* Debug */ = {
			isa = XCBuildConfiguration;
			buildSettings = {
				ASSETCATALOG_COMPILER_APPICON_NAME = AppIcon;
				CODE_SIGN_IDENTITY = "iPhone Developer";
				"CODE_SIGN_IDENTITY[sdk=iphoneos*]" = "iPhone Developer";
				FRAMEWORK_SEARCH_PATHS = (
					"$(inherited)",
					"$(PROJECT_DIR)",
				);
				INFOPLIST_FILE = Surva/Info.plist;
				IPHONEOS_DEPLOYMENT_TARGET = 8.0;
				LD_RUNPATH_SEARCH_PATHS = "$(inherited) @executable_path/Frameworks";
				PRODUCT_NAME = "$(TARGET_NAME)";
				PROVISIONING_PROFILE = "";
				SDKROOT = iphoneos;
			};
			name = Debug;
		};
		550468381BA3CE110083786E /* Release */ = {
			isa = XCBuildConfiguration;
			buildSettings = {
				ASSETCATALOG_COMPILER_APPICON_NAME = AppIcon;
				CODE_SIGN_IDENTITY = "iPhone Developer";
				"CODE_SIGN_IDENTITY[sdk=iphoneos*]" = "iPhone Developer";
				FRAMEWORK_SEARCH_PATHS = (
					"$(inherited)",
					"$(PROJECT_DIR)",
				);
				INFOPLIST_FILE = Surva/Info.plist;
				IPHONEOS_DEPLOYMENT_TARGET = 8.0;
				LD_RUNPATH_SEARCH_PATHS = "$(inherited) @executable_path/Frameworks";
				PRODUCT_NAME = "$(TARGET_NAME)";
				PROVISIONING_PROFILE = "";
				SDKROOT = iphoneos;
			};
			name = Release;
		};
		5504683A1BA3CE110083786E /* Debug */ = {
			isa = XCBuildConfiguration;
			buildSettings = {
				BUNDLE_LOADER = "$(TEST_HOST)";
				FRAMEWORK_SEARCH_PATHS = (
					"$(SDKROOT)/Developer/Library/Frameworks",
					"$(inherited)",
				);
				GCC_PREPROCESSOR_DEFINITIONS = (
					"DEBUG=1",
					"$(inherited)",
				);
				INFOPLIST_FILE = SurvaTests/Info.plist;
				LD_RUNPATH_SEARCH_PATHS = "$(inherited) @executable_path/Frameworks @loader_path/Frameworks";
				PRODUCT_NAME = "$(TARGET_NAME)";
				TEST_HOST = "$(BUILT_PRODUCTS_DIR)/Surva.app/Surva";
			};
			name = Debug;
		};
		5504683B1BA3CE110083786E /* Release */ = {
			isa = XCBuildConfiguration;
			buildSettings = {
				BUNDLE_LOADER = "$(TEST_HOST)";
				FRAMEWORK_SEARCH_PATHS = (
					"$(SDKROOT)/Developer/Library/Frameworks",
					"$(inherited)",
				);
				INFOPLIST_FILE = SurvaTests/Info.plist;
				LD_RUNPATH_SEARCH_PATHS = "$(inherited) @executable_path/Frameworks @loader_path/Frameworks";
				PRODUCT_NAME = "$(TARGET_NAME)";
				TEST_HOST = "$(BUILT_PRODUCTS_DIR)/Surva.app/Surva";
			};
			name = Release;
		};
/* End XCBuildConfiguration section */

/* Begin XCConfigurationList section */
		5504680F1BA3CE110083786E /* Build configuration list for PBXProject "Surva" */ = {
			isa = XCConfigurationList;
			buildConfigurations = (
				550468341BA3CE110083786E /* Debug */,
				550468351BA3CE110083786E /* Release */,
			);
			defaultConfigurationIsVisible = 0;
			defaultConfigurationName = Release;
		};
		550468361BA3CE110083786E /* Build configuration list for PBXNativeTarget "Surva" */ = {
			isa = XCConfigurationList;
			buildConfigurations = (
				550468371BA3CE110083786E /* Debug */,
				550468381BA3CE110083786E /* Release */,
			);
			defaultConfigurationIsVisible = 0;
			defaultConfigurationName = Release;
		};
		550468391BA3CE110083786E /* Build configuration list for PBXNativeTarget "SurvaTests" */ = {
			isa = XCConfigurationList;
			buildConfigurations = (
				5504683A1BA3CE110083786E /* Debug */,
				5504683B1BA3CE110083786E /* Release */,
			);
			defaultConfigurationIsVisible = 0;
			defaultConfigurationName = Release;
		};
/* End XCConfigurationList section */

/* Begin XCVersionGroup section */
		5504681B1BA3CE110083786E /* Surva.xcdatamodeld */ = {
			isa = XCVersionGroup;
			children = (
				5504681C1BA3CE110083786E /* Surva.xcdatamodel */,
			);
			currentVersion = 5504681C1BA3CE110083786E /* Surva.xcdatamodel */;
			path = Surva.xcdatamodeld;
			sourceTree = "<group>";
			versionGroupType = wrapper.xcdatamodel;
		};
/* End XCVersionGroup section */
	};
	rootObject = 5504680C1BA3CE100083786E /* Project object */;
}
